
Microsoft Visual Studio Solution File, Format Version 12.00
# Visual Studio Version 16
VisualStudioVersion = 16.0.30608.117
MinimumVisualStudioVersion = 10.0.40219.1
Project("{FAE04EC0-301F-11D3-BF4B-00C04F79EFBC}") = "GetYouTubeStats", "GetYouTubeStats\GetYouTubeStats.csproj", "{C81FF640-CD24-4439-AEE7-8FF7CD5BA032}"
EndProject
Global
	GlobalSection(SolutionConfigurationPlatforms) = preSolution
		Debug|Any CPU = Debug|Any CPU
		Release|Any CPU = Release|Any CPU
	EndGlobalSection
	GlobalSection(ProjectConfigurationPlatforms) = postSolution
		{C81FF640-CD24-4439-AEE7-8FF7CD5BA032}.Debug|Any CPU.ActiveCfg = Debug|Any CPU
		{C81FF640-CD24-4439-AEE7-8FF7CD5BA032}.Debug|Any CPU.Build.0 = Debug|Any CPU
		{C81FF640-CD24-4439-AEE7-8FF7CD5BA032}.Release|Any CPU.ActiveCfg = Release|Any CPU
		{C81FF640-CD24-4439-AEE7-8FF7CD5BA032}.Release|Any CPU.Build.0 = Release|Any CPU
	EndGlobalSection
	GlobalSection(SolutionProperties) = preSolution
		HideSolutionNode = FALSE
	EndGlobalSection
	GlobalSection(ExtensibilityGlobals) = postSolution
		SolutionGuid = {BBE00489-026F-4C54-AD6E-311235B2B7A7}
	EndGlobalSection
EndGlobal
